
Microsoft Visual Studio Solution File, Format Version 12.00
# Visual Studio Version 16
VisualStudioVersion = 16.0.808.6
MinimumVisualStudioVersion = 10.0.40219.1
Project("{FAE04EC0-301F-11D3-BF4B-00C04F79EFBC}") = "BowlingLeague", "BowlingLeague\BowlingLeague.csproj", "{15E2A439-4BC9-4725-ABA7-5B94F9CEF089}"
EndProject
Global
	GlobalSection(SolutionConfigurationPlatforms) = preSolution
		Debug|Any CPU = Debug|Any CPU
		Release|Any CPU = Release|Any CPU
	EndGlobalSection
	GlobalSection(ProjectConfigurationPlatforms) = postSolution
		{15E2A439-4BC9-4725-ABA7-5B94F9CEF089}.Debug|Any CPU.ActiveCfg = Debug|Any CPU
		{15E2A439-4BC9-4725-ABA7-5B94F9CEF089}.Debug|Any CPU.Build.0 = Debug|Any CPU
		{15E2A439-4BC9-4725-ABA7-5B94F9CEF089}.Release|Any CPU.ActiveCfg = Release|Any CPU
		{15E2A439-4BC9-4725-ABA7-5B94F9CEF089}.Release|Any CPU.Build.0 = Release|Any CPU
	EndGlobalSection
	GlobalSection(SolutionProperties) = preSolution
		HideSolutionNode = FALSE
	EndGlobalSection
	GlobalSection(ExtensibilityGlobals) = postSolution
		SolutionGuid = {50A9FE64-1EA0-4992-AB77-B51B7308E477}
	EndGlobalSection
EndGlobal
